
Microsoft Visual Studio Solution File, Format Version 12.00
# Visual Studio Version 17
VisualStudioVersion = 17.4.33205.214
MinimumVisualStudioVersion = 10.0.40219.1
Project("{FAE04EC0-301F-11D3-BF4B-00C04F79EFBC}") = "Class, constructor", "Class, constructor\Class, constructor.csproj", "{86D626D6-DD4A-44FB-94F1-A822DE12204D}"
EndProject
Global
	GlobalSection(SolutionConfigurationPlatforms) = preSolution
		Debug|Any CPU = Debug|Any CPU
		Release|Any CPU = Release|Any CPU
	EndGlobalSection
	GlobalSection(ProjectConfigurationPlatforms) = postSolution
		{86D626D6-DD4A-44FB-94F1-A822DE12204D}.Debug|Any CPU.ActiveCfg = Debug|Any CPU
		{86D626D6-DD4A-44FB-94F1-A822DE12204D}.Debug|Any CPU.Build.0 = Debug|Any CPU
		{86D626D6-DD4A-44FB-94F1-A822DE12204D}.Release|Any CPU.ActiveCfg = Release|Any CPU
		{86D626D6-DD4A-44FB-94F1-A822DE12204D}.Release|Any CPU.Build.0 = Release|Any CPU
	EndGlobalSection
	GlobalSection(SolutionProperties) = preSolution
		HideSolutionNode = FALSE
	EndGlobalSection
	GlobalSection(ExtensibilityGlobals) = postSolution
		SolutionGuid = {4B7E7A71-A847-46A1-B1A8-5F738C393E6C}
	EndGlobalSection
EndGlobal
